
Microsoft Visual Studio Solution File, Format Version 12.00
# Visual Studio Version 17
VisualStudioVersion = 17.3.32922.545
MinimumVisualStudioVersion = 10.0.40219.1
Project("{9A19103F-16F7-4668-BE54-9A1E7A4F7556}") = "Festival_Manager", "DZ_Security_DataBase\Festival_Manager.csproj", "{316683C6-8FA1-4851-B3DF-998B4E4B2271}"
EndProject
Global
	GlobalSection(SolutionConfigurationPlatforms) = preSolution
		Debug|Any CPU = Debug|Any CPU
		Release|Any CPU = Release|Any CPU
	EndGlobalSection
	GlobalSection(ProjectConfigurationPlatforms) = postSolution
		{316683C6-8FA1-4851-B3DF-998B4E4B2271}.Debug|Any CPU.ActiveCfg = Debug|Any CPU
		{316683C6-8FA1-4851-B3DF-998B4E4B2271}.Debug|Any CPU.Build.0 = Debug|Any CPU
		{316683C6-8FA1-4851-B3DF-998B4E4B2271}.Release|Any CPU.ActiveCfg = Release|Any CPU
		{316683C6-8FA1-4851-B3DF-998B4E4B2271}.Release|Any CPU.Build.0 = Release|Any CPU
	EndGlobalSection
	GlobalSection(SolutionProperties) = preSolution
		HideSolutionNode = FALSE
	EndGlobalSection
	GlobalSection(ExtensibilityGlobals) = postSolution
		SolutionGuid = {253675DE-53BD-45D1-8D56-7E605EB391F2}
	EndGlobalSection
EndGlobal
